
Microsoft Visual Studio Solution File, Format Version 12.00
# Visual Studio 15
VisualStudioVersion = 15.0.28307.779
MinimumVisualStudioVersion = 10.0.40219.1
Project("{FAE04EC0-301F-11D3-BF4B-00C04F79EFBC}") = "Assembly-CSharp", "Assembly-CSharp.csproj", "{14C95B82-6FA4-D44C-6083-8F798B0498CB}"
EndProject
Global
	GlobalSection(SolutionConfigurationPlatforms) = preSolution
		Debug|Any CPU = Debug|Any CPU
		Release|Any CPU = Release|Any CPU
	EndGlobalSection
	GlobalSection(ProjectConfigurationPlatforms) = postSolution
		{14C95B82-6FA4-D44C-6083-8F798B0498CB}.Debug|Any CPU.ActiveCfg = Debug|Any CPU
		{14C95B82-6FA4-D44C-6083-8F798B0498CB}.Debug|Any CPU.Build.0 = Debug|Any CPU
		{14C95B82-6FA4-D44C-6083-8F798B0498CB}.Release|Any CPU.ActiveCfg = Release|Any CPU
		{14C95B82-6FA4-D44C-6083-8F798B0498CB}.Release|Any CPU.Build.0 = Release|Any CPU
	EndGlobalSection
	GlobalSection(SolutionProperties) = preSolution
		HideSolutionNode = FALSE
	EndGlobalSection
	GlobalSection(ExtensibilityGlobals) = postSolution
		SolutionGuid = {AAC6D4D8-AF80-4DBE-A3CC-94C9D010C9AB}
	EndGlobalSection
	GlobalSection(MonoDevelopProperties) = preSolution
		StartupItem = Assembly-CSharp.csproj
	EndGlobalSection
EndGlobal
